// !$*UTF8*$!
{
	archiveVersion = 1;
	classes = {
	};
	objectVersion = 46;
	objects = {

/* Begin PBXBuildFile section */
		186BEFC32AA6C43800C1B7D8 /* TestWIFIConnecter.m in Sources */ = {isa = PBXBuildFile; fileRef = 186BEFC22AA6C43800C1B7D8 /* TestWIFIConnecter.m */; };
		189E62DB293F39AC00C0FA56 /* POSUdpListVC.m in Sources */ = {isa = PBXBuildFile; fileRef = 189E62DA293F39AC00C0FA56 /* POSUdpListVC.m */; };
		189E62DE293F3BE900C0FA56 /* POSIPConfigVC.m in Sources */ = {isa = PBXBuildFile; fileRef = 189E62DC293F3BE900C0FA56 /* POSIPConfigVC.m */; };
		189E62E3293F3C7600C0FA56 /* CodePagePopView.m in Sources */ = {isa = PBXBuildFile; fileRef = 189E62E1293F3C7600C0FA56 /* CodePagePopView.m */; };
		189E62E6293F443400C0FA56 /* DIPSettingVC.m in Sources */ = {isa = PBXBuildFile; fileRef = 189E62E4293F443400C0FA56 /* DIPSettingVC.m */; };
		189E62F3294041A100C0FA56 /* code_page.plist in Resources */ = {isa = PBXBuildFile; fileRef = 189E62F2294041A100C0FA56 /* code_page.plist */; };
		18A6EFC12BB162BF00353FC1 /* libPrinterSDK.a in Frameworks */ = {isa = PBXBuildFile; fileRef = 18A6EFAD2BB162BF00353FC1 /* libPrinterSDK.a */; };
		18B441CD2AA5B59E00B43CFD /* WIFIViewController.m in Sources */ = {isa = PBXBuildFile; fileRef = 18B441CC2AA5B59E00B43CFD /* WIFIViewController.m */; };
		18BFEA871C9F916000E45C1F /* main.m in Sources */ = {isa = PBXBuildFile; fileRef = 18BFEA861C9F916000E45C1F /* main.m */; };
		18BFEA8A1C9F916000E45C1F /* AppDelegate.m in Sources */ = {isa = PBXBuildFile; fileRef = 18BFEA891C9F916000E45C1F /* AppDelegate.m */; };
		18BFEA8D1C9F916000E45C1F /* TSCBlueListVC.m in Sources */ = {isa = PBXBuildFile; fileRef = 18BFEA8C1C9F916000E45C1F /* TSCBlueListVC.m */; };
		18BFEA901C9F916000E45C1F /* Main.storyboard in Resources */ = {isa = PBXBuildFile; fileRef = 18BFEA8E1C9F916000E45C1F /* Main.storyboard */; };
		18BFEA921C9F916000E45C1F /* Assets.xcassets in Resources */ = {isa = PBXBuildFile; fileRef = 18BFEA911C9F916000E45C1F /* Assets.xcassets */; };
		18BFEA951C9F916000E45C1F /* LaunchScreen.storyboard in Resources */ = {isa = PBXBuildFile; fileRef = 18BFEA931C9F916000E45C1F /* LaunchScreen.storyboard */; };
		18BFEAA01C9F916000E45C1F /* PrinterTests.m in Sources */ = {isa = PBXBuildFile; fileRef = 18BFEA9F1C9F916000E45C1F /* PrinterTests.m */; };
		18BFEAAB1C9F916000E45C1F /* PrinterUITests.m in Sources */ = {isa = PBXBuildFile; fileRef = 18BFEAAA1C9F916000E45C1F /* PrinterUITests.m */; };
		2E64D6901CD34E080009D102 /* TSCPrinterVC.m in Sources */ = {isa = PBXBuildFile; fileRef = 2E64D68F1CD34E080009D102 /* TSCPrinterVC.m */; };
		C92A25B028364541008AC47D /* CoreBluetooth.framework in Frameworks */ = {isa = PBXBuildFile; fileRef = C95EA110264FAC9E003C208A /* CoreBluetooth.framework */; };
		C92A25B128364549008AC47D /* SystemConfiguration.framework in Frameworks */ = {isa = PBXBuildFile; fileRef = C95EA10C264FAC8B003C208A /* SystemConfiguration.framework */; };
		C94FC13E2872C44D00EFF176 /* CFNetwork.framework in Frameworks */ = {isa = PBXBuildFile; fileRef = C94FC13D2872C44D00EFF176 /* CFNetwork.framework */; };
		C9B94CBC2864507900385091 /* POSPrinterVC.m in Sources */ = {isa = PBXBuildFile; fileRef = C9B94CB92864507900385091 /* POSPrinterVC.m */; };
		C9B94CBD2864507900385091 /* POSBlueListVC.m in Sources */ = {isa = PBXBuildFile; fileRef = C9B94CBA2864507900385091 /* POSBlueListVC.m */; };
		C9F9161828867AF7005E9474 /* UIView+Toast.m in Sources */ = {isa = PBXBuildFile; fileRef = C9F9161628867AF7005E9474 /* UIView+Toast.m */; };
/* End PBXBuildFile section */

/* Begin PBXContainerItemProxy section */
		18BFEA9C1C9F916000E45C1F /* PBXContainerItemProxy */ = {
			isa = PBXContainerItemProxy;
			containerPortal = 18BFEA7A1C9F916000E45C1F /* Project object */;
			proxyType = 1;
			remoteGlobalIDString = 18BFEA811C9F916000E45C1F;
			remoteInfo = Printer;
		};
		18BFEAA71C9F916000E45C1F /* PBXContainerItemProxy */ = {
			isa = PBXContainerItemProxy;
			containerPortal = 18BFEA7A1C9F916000E45C1F /* Project object */;
			proxyType = 1;
			remoteGlobalIDString = 18BFEA811C9F916000E45C1F;
			remoteInfo = Printer;
		};
/* End PBXContainerItemProxy section */

/* Begin PBXFileReference section */
		186BEFC12AA6C43800C1B7D8 /* TestWIFIConnecter.h */ = {isa = PBXFileReference; lastKnownFileType = sourcecode.c.h; path = TestWIFIConnecter.h; sourceTree = "<group>"; };
		186BEFC22AA6C43800C1B7D8 /* TestWIFIConnecter.m */ = {isa = PBXFileReference; lastKnownFileType = sourcecode.c.objc; path = TestWIFIConnecter.m; sourceTree = "<group>"; };
		189E62D9293F39AC00C0FA56 /* POSUdpListVC.h */ = {isa = PBXFileReference; fileEncoding = 4; lastKnownFileType = sourcecode.c.h; path = POSUdpListVC.h; sourceTree = "<group>"; };
		189E62DA293F39AC00C0FA56 /* POSUdpListVC.m */ = {isa = PBXFileReference; fileEncoding = 4; lastKnownFileType = sourcecode.c.objc; path = POSUdpListVC.m; sourceTree = "<group>"; };
		189E62DC293F3BE900C0FA56 /* POSIPConfigVC.m */ = {isa = PBXFileReference; fileEncoding = 4; lastKnownFileType = sourcecode.c.objc; path = POSIPConfigVC.m; sourceTree = "<group>"; };
		189E62DD293F3BE900C0FA56 /* POSIPConfigVC.h */ = {isa = PBXFileReference; fileEncoding = 4; lastKnownFileType = sourcecode.c.h; path = POSIPConfigVC.h; sourceTree = "<group>"; };
		189E62E1293F3C7600C0FA56 /* CodePagePopView.m */ = {isa = PBXFileReference; fileEncoding = 4; lastKnownFileType = sourcecode.c.objc; path = CodePagePopView.m; sourceTree = "<group>"; };
		189E62E2293F3C7600C0FA56 /* CodePagePopView.h */ = {isa = PBXFileReference; fileEncoding = 4; lastKnownFileType = sourcecode.c.h; path = CodePagePopView.h; sourceTree = "<group>"; };
		189E62E4293F443400C0FA56 /* DIPSettingVC.m */ = {isa = PBXFileReference; fileEncoding = 4; lastKnownFileType = sourcecode.c.objc; path = DIPSettingVC.m; sourceTree = "<group>"; };
		189E62E5293F443400C0FA56 /* DIPSettingVC.h */ = {isa = PBXFileReference; fileEncoding = 4; lastKnownFileType = sourcecode.c.h; path = DIPSettingVC.h; sourceTree = "<group>"; };
		189E62F129403E7100C0FA56 /* Printer.entitlements */ = {isa = PBXFileReference; lastKnownFileType = text.plist.entitlements; path = Printer.entitlements; sourceTree = "<group>"; };
		189E62F2294041A100C0FA56 /* code_page.plist */ = {isa = PBXFileReference; fileEncoding = 4; lastKnownFileType = text.plist.xml; path = code_page.plist; sourceTree = "<group>"; };
		18A6EFAD2BB162BF00353FC1 /* libPrinterSDK.a */ = {isa = PBXFileReference; lastKnownFileType = archive.ar; path = libPrinterSDK.a; sourceTree = "<group>"; };
		18A6EFAF2BB162BF00353FC1 /* TSCBLEManager.h */ = {isa = PBXFileReference; fileEncoding = 4; lastKnownFileType = sourcecode.c.h; path = TSCBLEManager.h; sourceTree = "<group>"; };
		18A6EFB02BB162BF00353FC1 /* TSCWIFIManager.h */ = {isa = PBXFileReference; fileEncoding = 4; lastKnownFileType = sourcecode.c.h; path = TSCWIFIManager.h; sourceTree = "<group>"; };
		18A6EFB12BB162BF00353FC1 /* POSCommand.h */ = {isa = PBXFileReference; fileEncoding = 4; lastKnownFileType = sourcecode.c.h; path = POSCommand.h; sourceTree = "<group>"; };
		18A6EFB22BB162BF00353FC1 /* POSImageTranster.h */ = {isa = PBXFileReference; fileEncoding = 4; lastKnownFileType = sourcecode.c.h; path = POSImageTranster.h; sourceTree = "<group>"; };
		18A6EFB32BB162BF00353FC1 /* WIFIConnecter.h */ = {isa = PBXFileReference; fileEncoding = 4; lastKnownFileType = sourcecode.c.h; path = WIFIConnecter.h; sourceTree = "<group>"; };
		18A6EFB42BB162BF00353FC1 /* ZPLCommand.h */ = {isa = PBXFileReference; fileEncoding = 4; lastKnownFileType = sourcecode.c.h; path = ZPLCommand.h; sourceTree = "<group>"; };
		18A6EFB52BB162BF00353FC1 /* PrinterProfile.h */ = {isa = PBXFileReference; fileEncoding = 4; lastKnownFileType = sourcecode.c.h; path = PrinterProfile.h; sourceTree = "<group>"; };
		18A6EFB62BB162BF00353FC1 /* TSCPrinterSDK.h */ = {isa = PBXFileReference; fileEncoding = 4; lastKnownFileType = sourcecode.c.h; path = TSCPrinterSDK.h; sourceTree = "<group>"; };
		18A6EFB72BB162BF00353FC1 /* KDS_Log.h */ = {isa = PBXFileReference; fileEncoding = 4; lastKnownFileType = sourcecode.c.h; path = KDS_Log.h; sourceTree = "<group>"; };
		18A6EFB82BB162BF00353FC1 /* LabelDocument.h */ = {isa = PBXFileReference; fileEncoding = 4; lastKnownFileType = sourcecode.c.h; path = LabelDocument.h; sourceTree = "<group>"; };
		18A6EFB92BB162BF00353FC1 /* LabelImageTranster.h */ = {isa = PBXFileReference; fileEncoding = 4; lastKnownFileType = sourcecode.c.h; path = LabelImageTranster.h; sourceTree = "<group>"; };
		18A6EFBA2BB162BF00353FC1 /* PTable.h */ = {isa = PBXFileReference; fileEncoding = 4; lastKnownFileType = sourcecode.c.h; path = PTable.h; sourceTree = "<group>"; };
		18A6EFBB2BB162BF00353FC1 /* POSBLEManager.h */ = {isa = PBXFileReference; fileEncoding = 4; lastKnownFileType = sourcecode.c.h; path = POSBLEManager.h; sourceTree = "<group>"; };
		18A6EFBC2BB162BF00353FC1 /* POSWIFIManager.h */ = {isa = PBXFileReference; fileEncoding = 4; lastKnownFileType = sourcecode.c.h; path = POSWIFIManager.h; sourceTree = "<group>"; };
		18A6EFBD2BB162BF00353FC1 /* POSPrinterSDK.h */ = {isa = PBXFileReference; fileEncoding = 4; lastKnownFileType = sourcecode.c.h; path = POSPrinterSDK.h; sourceTree = "<group>"; };
		18A6EFBE2BB162BF00353FC1 /* TSCCommand.h */ = {isa = PBXFileReference; fileEncoding = 4; lastKnownFileType = sourcecode.c.h; path = TSCCommand.h; sourceTree = "<group>"; };
		18A6EFBF2BB162BF00353FC1 /* POSPrinter.h */ = {isa = PBXFileReference; fileEncoding = 4; lastKnownFileType = sourcecode.c.h; path = POSPrinter.h; sourceTree = "<group>"; };
		18A6EFC02BB162BF00353FC1 /* CPCLCommand.h */ = {isa = PBXFileReference; fileEncoding = 4; lastKnownFileType = sourcecode.c.h; path = CPCLCommand.h; sourceTree = "<group>"; };
		18B441CB2AA5B59E00B43CFD /* WIFIViewController.h */ = {isa = PBXFileReference; lastKnownFileType = sourcecode.c.h; path = WIFIViewController.h; sourceTree = "<group>"; };
		18B441CC2AA5B59E00B43CFD /* WIFIViewController.m */ = {isa = PBXFileReference; lastKnownFileType = sourcecode.c.objc; path = WIFIViewController.m; sourceTree = "<group>"; };
		18BFEA821C9F916000E45C1F /* Printer.app */ = {isa = PBXFileReference; explicitFileType = wrapper.application; includeInIndex = 0; path = Printer.app; sourceTree = BUILT_PRODUCTS_DIR; };
		18BFEA861C9F916000E45C1F /* main.m */ = {isa = PBXFileReference; lastKnownFileType = sourcecode.c.objc; path = main.m; sourceTree = "<group>"; };
		18BFEA881C9F916000E45C1F /* AppDelegate.h */ = {isa = PBXFileReference; lastKnownFileType = sourcecode.c.h; path = AppDelegate.h; sourceTree = "<group>"; };
		18BFEA891C9F916000E45C1F /* AppDelegate.m */ = {isa = PBXFileReference; lastKnownFileType = sourcecode.c.objc; path = AppDelegate.m; sourceTree = "<group>"; };
		18BFEA8B1C9F916000E45C1F /* TSCBlueListVC.h */ = {isa = PBXFileReference; lastKnownFileType = sourcecode.c.h; path = TSCBlueListVC.h; sourceTree = "<group>"; };
		18BFEA8C1C9F916000E45C1F /* TSCBlueListVC.m */ = {isa = PBXFileReference; lastKnownFileType = sourcecode.c.objc; path = TSCBlueListVC.m; sourceTree = "<group>"; };
		18BFEA8F1C9F916000E45C1F /* Base */ = {isa = PBXFileReference; lastKnownFileType = file.storyboard; name = Base; path = Base.lproj/Main.storyboard; sourceTree = "<group>"; };
		18BFEA911C9F916000E45C1F /* Assets.xcassets */ = {isa = PBXFileReference; lastKnownFileType = folder.assetcatalog; path = Assets.xcassets; sourceTree = "<group>"; };
		18BFEA941C9F916000E45C1F /* Base */ = {isa = PBXFileReference; lastKnownFileType = file.storyboard; name = Base; path = Base.lproj/LaunchScreen.storyboard; sourceTree = "<group>"; };
		18BFEA961C9F916000E45C1F /* Info.plist */ = {isa = PBXFileReference; lastKnownFileType = text.plist.xml; path = Info.plist; sourceTree = "<group>"; };
		18BFEA9B1C9F916000E45C1F /* PrinterTests.xctest */ = {isa = PBXFileReference; explicitFileType = wrapper.cfbundle; includeInIndex = 0; path = PrinterTests.xctest; sourceTree = BUILT_PRODUCTS_DIR; };
		18BFEA9F1C9F916000E45C1F /* PrinterTests.m */ = {isa = PBXFileReference; lastKnownFileType = sourcecode.c.objc; path = PrinterTests.m; sourceTree = "<group>"; };
		18BFEAA11C9F916000E45C1F /* Info.plist */ = {isa = PBXFileReference; lastKnownFileType = text.plist.xml; path = Info.plist; sourceTree = "<group>"; };
		18BFEAA61C9F916000E45C1F /* PrinterUITests.xctest */ = {isa = PBXFileReference; explicitFileType = wrapper.cfbundle; includeInIndex = 0; path = PrinterUITests.xctest; sourceTree = BUILT_PRODUCTS_DIR; };
		18BFEAAA1C9F916000E45C1F /* PrinterUITests.m */ = {isa = PBXFileReference; lastKnownFileType = sourcecode.c.objc; path = PrinterUITests.m; sourceTree = "<group>"; };
		18BFEAAC1C9F916000E45C1F /* Info.plist */ = {isa = PBXFileReference; lastKnownFileType = text.plist.xml; path = Info.plist; sourceTree = "<group>"; };
		18C45BF01CA0E155001F2FCC /* PrefixHeader.pch */ = {isa = PBXFileReference; fileEncoding = 4; lastKnownFileType = sourcecode.c.h; path = PrefixHeader.pch; sourceTree = "<group>"; };
		2E64D68E1CD34E080009D102 /* TSCPrinterVC.h */ = {isa = PBXFileReference; fileEncoding = 4; lastKnownFileType = sourcecode.c.h; path = TSCPrinterVC.h; sourceTree = "<group>"; };
		2E64D68F1CD34E080009D102 /* TSCPrinterVC.m */ = {isa = PBXFileReference; fileEncoding = 4; lastKnownFileType = sourcecode.c.objc; path = TSCPrinterVC.m; sourceTree = "<group>"; };
		C94FC13D2872C44D00EFF176 /* CFNetwork.framework */ = {isa = PBXFileReference; lastKnownFileType = wrapper.framework; name = CFNetwork.framework; path = System/Library/Frameworks/CFNetwork.framework; sourceTree = SDKROOT; };
		C95EA10C264FAC8B003C208A /* SystemConfiguration.framework */ = {isa = PBXFileReference; lastKnownFileType = wrapper.framework; name = SystemConfiguration.framework; path = System/Library/Frameworks/SystemConfiguration.framework; sourceTree = SDKROOT; };
		C95EA110264FAC9E003C208A /* CoreBluetooth.framework */ = {isa = PBXFileReference; lastKnownFileType = wrapper.framework; name = CoreBluetooth.framework; path = System/Library/Frameworks/CoreBluetooth.framework; sourceTree = SDKROOT; };
		C9B94CB82864507900385091 /* POSPrinterVC.h */ = {isa = PBXFileReference; fileEncoding = 4; lastKnownFileType = sourcecode.c.h; path = POSPrinterVC.h; sourceTree = "<group>"; };
		C9B94CB92864507900385091 /* POSPrinterVC.m */ = {isa = PBXFileReference; fileEncoding = 4; lastKnownFileType = sourcecode.c.objc; path = POSPrinterVC.m; sourceTree = "<group>"; };
		C9B94CBA2864507900385091 /* POSBlueListVC.m */ = {isa = PBXFileReference; fileEncoding = 4; lastKnownFileType = sourcecode.c.objc; path = POSBlueListVC.m; sourceTree = "<group>"; };
		C9B94CBB2864507900385091 /* POSBlueListVC.h */ = {isa = PBXFileReference; fileEncoding = 4; lastKnownFileType = sourcecode.c.h; path = POSBlueListVC.h; sourceTree = "<group>"; };
		C9F9161628867AF7005E9474 /* UIView+Toast.m */ = {isa = PBXFileReference; fileEncoding = 4; lastKnownFileType = sourcecode.c.objc; path = "UIView+Toast.m"; sourceTree = "<group>"; };
		C9F9161728867AF7005E9474 /* UIView+Toast.h */ = {isa = PBXFileReference; fileEncoding = 4; lastKnownFileType = sourcecode.c.h; path = "UIView+Toast.h"; sourceTree = "<group>"; };
/* End PBXFileReference section */

/* Begin PBXFrameworksBuildPhase section */
		18BFEA7F1C9F916000E45C1F /* Frameworks */ = {
			isa = PBXFrameworksBuildPhase;
			buildActionMask = 2147483647;
			files = (
				C94FC13E2872C44D00EFF176 /* CFNetwork.framework in Frameworks */,
				C92A25B128364549008AC47D /* SystemConfiguration.framework in Frameworks */,
				C92A25B028364541008AC47D /* CoreBluetooth.framework in Frameworks */,
				18A6EFC12BB162BF00353FC1 /* libPrinterSDK.a in Frameworks */,
			);
			runOnlyForDeploymentPostprocessing = 0;
		};
		18BFEA981C9F916000E45C1F /* Frameworks */ = {
			isa = PBXFrameworksBuildPhase;
			buildActionMask = 2147483647;
			files = (
			);
			runOnlyForDeploymentPostprocessing = 0;
		};
		18BFEAA31C9F916000E45C1F /* Frameworks */ = {
			isa = PBXFrameworksBuildPhase;
			buildActionMask = 2147483647;
			files = (
			);
			runOnlyForDeploymentPostprocessing = 0;
		};
/* End PBXFrameworksBuildPhase section */

/* Begin PBXGroup section */
		189E62E0293F3C7600C0FA56 /* CodePagePopView */ = {
			isa = PBXGroup;
			children = (
				189E62E2293F3C7600C0FA56 /* CodePagePopView.h */,
				189E62E1293F3C7600C0FA56 /* CodePagePopView.m */,
			);
			path = CodePagePopView;
			sourceTree = "<group>";
		};
		18A6EFAC2BB162BF00353FC1 /* PrinterSDK */ = {
			isa = PBXGroup;
			children = (
				18A6EFAD2BB162BF00353FC1 /* libPrinterSDK.a */,
				18A6EFAE2BB162BF00353FC1 /* Headers */,
			);
			path = PrinterSDK;
			sourceTree = "<group>";
		};
		18A6EFAE2BB162BF00353FC1 /* Headers */ = {
			isa = PBXGroup;
			children = (
				18A6EFAF2BB162BF00353FC1 /* TSCBLEManager.h */,
				18A6EFB02BB162BF00353FC1 /* TSCWIFIManager.h */,
				18A6EFB12BB162BF00353FC1 /* POSCommand.h */,
				18A6EFB22BB162BF00353FC1 /* POSImageTranster.h */,
				18A6EFB32BB162BF00353FC1 /* WIFIConnecter.h */,
				18A6EFB42BB162BF00353FC1 /* ZPLCommand.h */,
				18A6EFB52BB162BF00353FC1 /* PrinterProfile.h */,
				18A6EFB62BB162BF00353FC1 /* TSCPrinterSDK.h */,
				18A6EFB72BB162BF00353FC1 /* KDS_Log.h */,
				18A6EFB82BB162BF00353FC1 /* LabelDocument.h */,
				18A6EFB92BB162BF00353FC1 /* LabelImageTranster.h */,
				18A6EFBA2BB162BF00353FC1 /* PTable.h */,
				18A6EFBB2BB162BF00353FC1 /* POSBLEManager.h */,
				18A6EFBC2BB162BF00353FC1 /* POSWIFIManager.h */,
				18A6EFBD2BB162BF00353FC1 /* POSPrinterSDK.h */,
				18A6EFBE2BB162BF00353FC1 /* TSCCommand.h */,
				18A6EFBF2BB162BF00353FC1 /* POSPrinter.h */,
				18A6EFC02BB162BF00353FC1 /* CPCLCommand.h */,
			);
			path = Headers;
			sourceTree = "<group>";
		};
		18BFEA791C9F916000E45C1F = {
			isa = PBXGroup;
			children = (
				18BFEA841C9F916000E45C1F /* Printer */,
				18BFEA9E1C9F916000E45C1F /* PrinterTests */,
				18BFEAA91C9F916000E45C1F /* PrinterUITests */,
				18BFEA831C9F916000E45C1F /* Products */,
				C95EA10B264FAC8B003C208A /* Frameworks */,
			);
			sourceTree = "<group>";
		};
		18BFEA831C9F916000E45C1F /* Products */ = {
			isa = PBXGroup;
			children = (
				18BFEA821C9F916000E45C1F /* Printer.app */,
				18BFEA9B1C9F916000E45C1F /* PrinterTests.xctest */,
				18BFEAA61C9F916000E45C1F /* PrinterUITests.xctest */,
			);
			name = Products;
			sourceTree = "<group>";
		};
		18BFEA841C9F916000E45C1F /* Printer */ = {
			isa = PBXGroup;
			children = (
				18A6EFAC2BB162BF00353FC1 /* PrinterSDK */,
				189E62F2294041A100C0FA56 /* code_page.plist */,
				189E62F129403E7100C0FA56 /* Printer.entitlements */,
				C9F9161528867AE0005E9474 /* Toast */,
				C9B94CA928643FB100385091 /* POSPrinterVC */,
				C9B94CA828643A2D00385091 /* TSCPrinterVC */,
				18BFEA8E1C9F916000E45C1F /* Main.storyboard */,
				18BFEA881C9F916000E45C1F /* AppDelegate.h */,
				18BFEA891C9F916000E45C1F /* AppDelegate.m */,
				18BFEA911C9F916000E45C1F /* Assets.xcassets */,
				18BFEA931C9F916000E45C1F /* LaunchScreen.storyboard */,
				18BFEA961C9F916000E45C1F /* Info.plist */,
				18BFEA851C9F916000E45C1F /* Supporting Files */,
				18B441CB2AA5B59E00B43CFD /* WIFIViewController.h */,
				18B441CC2AA5B59E00B43CFD /* WIFIViewController.m */,
				186BEFC12AA6C43800C1B7D8 /* TestWIFIConnecter.h */,
				186BEFC22AA6C43800C1B7D8 /* TestWIFIConnecter.m */,
			);
			path = Printer;
			sourceTree = "<group>";
		};
		18BFEA851C9F916000E45C1F /* Supporting Files */ = {
			isa = PBXGroup;
			children = (
				18BFEA861C9F916000E45C1F /* main.m */,
				18C45BF01CA0E155001F2FCC /* PrefixHeader.pch */,
			);
			name = "Supporting Files";
			sourceTree = "<group>";
		};
		18BFEA9E1C9F916000E45C1F /* PrinterTests */ = {
			isa = PBXGroup;
			children = (
				18BFEA9F1C9F916000E45C1F /* PrinterTests.m */,
				18BFEAA11C9F916000E45C1F /* Info.plist */,
			);
			path = PrinterTests;
			sourceTree = "<group>";
		};
		18BFEAA91C9F916000E45C1F /* PrinterUITests */ = {
			isa = PBXGroup;
			children = (
				18BFEAAA1C9F916000E45C1F /* PrinterUITests.m */,
				18BFEAAC1C9F916000E45C1F /* Info.plist */,
			);
			path = PrinterUITests;
			sourceTree = "<group>";
		};
		C95EA10B264FAC8B003C208A /* Frameworks */ = {
			isa = PBXGroup;
			children = (
				C94FC13D2872C44D00EFF176 /* CFNetwork.framework */,
				C95EA110264FAC9E003C208A /* CoreBluetooth.framework */,
				C95EA10C264FAC8B003C208A /* SystemConfiguration.framework */,
			);
			name = Frameworks;
			sourceTree = "<group>";
		};
		C9B94CA828643A2D00385091 /* TSCPrinterVC */ = {
			isa = PBXGroup;
			children = (
				2E64D68E1CD34E080009D102 /* TSCPrinterVC.h */,
				2E64D68F1CD34E080009D102 /* TSCPrinterVC.m */,
				18BFEA8B1C9F916000E45C1F /* TSCBlueListVC.h */,
				18BFEA8C1C9F916000E45C1F /* TSCBlueListVC.m */,
			);
			path = TSCPrinterVC;
			sourceTree = "<group>";
		};
		C9B94CA928643FB100385091 /* POSPrinterVC */ = {
			isa = PBXGroup;
			children = (
				189E62E0293F3C7600C0FA56 /* CodePagePopView */,
				C9B94CB82864507900385091 /* POSPrinterVC.h */,
				C9B94CB92864507900385091 /* POSPrinterVC.m */,
				C9B94CBB2864507900385091 /* POSBlueListVC.h */,
				C9B94CBA2864507900385091 /* POSBlueListVC.m */,
				189E62D9293F39AC00C0FA56 /* POSUdpListVC.h */,
				189E62DA293F39AC00C0FA56 /* POSUdpListVC.m */,
				189E62DD293F3BE900C0FA56 /* POSIPConfigVC.h */,
				189E62DC293F3BE900C0FA56 /* POSIPConfigVC.m */,
				189E62E5293F443400C0FA56 /* DIPSettingVC.h */,
				189E62E4293F443400C0FA56 /* DIPSettingVC.m */,
			);
			path = POSPrinterVC;
			sourceTree = "<group>";
		};
		C9F9161528867AE0005E9474 /* Toast */ = {
			isa = PBXGroup;
			children = (
				C9F9161728867AF7005E9474 /* UIView+Toast.h */,
				C9F9161628867AF7005E9474 /* UIView+Toast.m */,
			);
			path = Toast;
			sourceTree = "<group>";
		};
/* End PBXGroup section */

/* Begin PBXNativeTarget section */
		18BFEA811C9F916000E45C1F /* Printer */ = {
			isa = PBXNativeTarget;
			buildConfigurationList = 18BFEAAF1C9F916000E45C1F /* Build configuration list for PBXNativeTarget "Printer" */;
			buildPhases = (
				18BFEA7E1C9F916000E45C1F /* Sources */,
				18BFEA7F1C9F916000E45C1F /* Frameworks */,
				18BFEA801C9F916000E45C1F /* Resources */,
			);
			buildRules = (
			);
			dependencies = (
			);
			name = Printer;
			productName = Printer;
			productReference = 18BFEA821C9F916000E45C1F /* Printer.app */;
			productType = "com.apple.product-type.application";
		};
		18BFEA9A1C9F916000E45C1F /* PrinterTests */ = {
			isa = PBXNativeTarget;
			buildConfigurationList = 18BFEAB21C9F916000E45C1F /* Build configuration list for PBXNativeTarget "PrinterTests" */;
			buildPhases = (
				18BFEA971C9F916000E45C1F /* Sources */,
				18BFEA981C9F916000E45C1F /* Frameworks */,
				18BFEA991C9F916000E45C1F /* Resources */,
			);
			buildRules = (
			);
			dependencies = (
				18BFEA9D1C9F916000E45C1F /* PBXTargetDependency */,
			);
			name = PrinterTests;
			productName = PrinterTests;
			productReference = 18BFEA9B1C9F916000E45C1F /* PrinterTests.xctest */;
			productType = "com.apple.product-type.bundle.unit-test";
		};
		18BFEAA51C9F916000E45C1F /* PrinterUITests */ = {
			isa = PBXNativeTarget;
			buildConfigurationList = 18BFEAB51C9F916000E45C1F /* Build configuration list for PBXNativeTarget "PrinterUITests" */;
			buildPhases = (
				18BFEAA21C9F916000E45C1F /* Sources */,
				18BFEAA31C9F916000E45C1F /* Frameworks */,
				18BFEAA41C9F916000E45C1F /* Resources */,
			);
			buildRules = (
			);
			dependencies = (
				18BFEAA81C9F916000E45C1F /* PBXTargetDependency */,
			);
			name = PrinterUITests;
			productName = PrinterUITests;
			productReference = 18BFEAA61C9F916000E45C1F /* PrinterUITests.xctest */;
			productType = "com.apple.product-type.bundle.ui-testing";
		};
/* End PBXNativeTarget section */

/* Begin PBXProject section */
		18BFEA7A1C9F916000E45C1F /* Project object */ = {
			isa = PBXProject;
			attributes = {
				LastUpgradeCheck = 0720;
				ORGANIZATIONNAME = Admin;
				TargetAttributes = {
					18BFEA811C9F916000E45C1F = {
						CreatedOnToolsVersion = 7.2;
						DevelopmentTeam = R7VXV35RXD;
						ProvisioningStyle = Automatic;
					};
					18BFEA9A1C9F916000E45C1F = {
						CreatedOnToolsVersion = 7.2;
						TestTargetID = 18BFEA811C9F916000E45C1F;
					};
					18BFEAA51C9F916000E45C1F = {
						CreatedOnToolsVersion = 7.2;
						TestTargetID = 18BFEA811C9F916000E45C1F;
					};
				};
			};
			buildConfigurationList = 18BFEA7D1C9F916000E45C1F /* Build configuration list for PBXProject "Printer" */;
			compatibilityVersion = "Xcode 3.2";
			developmentRegion = English;
			hasScannedForEncodings = 0;
			knownRegions = (
				English,
				en,
				Base,
			);
			mainGroup = 18BFEA791C9F916000E45C1F;
			productRefGroup = 18BFEA831C9F916000E45C1F /* Products */;
			projectDirPath = "";
			projectRoot = "";
			targets = (
				18BFEA811C9F916000E45C1F /* Printer */,
				18BFEA9A1C9F916000E45C1F /* PrinterTests */,
				18BFEAA51C9F916000E45C1F /* PrinterUITests */,
			);
		};
/* End PBXProject section */

/* Begin PBXResourcesBuildPhase section */
		18BFEA801C9F916000E45C1F /* Resources */ = {
			isa = PBXResourcesBuildPhase;
			buildActionMask = 2147483647;
			files = (
				189E62F3294041A100C0FA56 /* code_page.plist in Resources */,
				18BFEA951C9F916000E45C1F /* LaunchScreen.storyboard in Resources */,
				18BFEA921C9F916000E45C1F /* Assets.xcassets in Resources */,
				18BFEA901C9F916000E45C1F /* Main.storyboard in Resources */,
			);
			runOnlyForDeploymentPostprocessing = 0;
		};
		18BFEA991C9F916000E45C1F /* Resources */ = {
			isa = PBXResourcesBuildPhase;
			buildActionMask = 2147483647;
			files = (
			);
			runOnlyForDeploymentPostprocessing = 0;
		};
		18BFEAA41C9F916000E45C1F /* Resources */ = {
			isa = PBXResourcesBuildPhase;
			buildActionMask = 2147483647;
			files = (
			);
			runOnlyForDeploymentPostprocessing = 0;
		};
/* End PBXResourcesBuildPhase section */

/* Begin PBXSourcesBuildPhase section */
		18BFEA7E1C9F916000E45C1F /* Sources */ = {
			isa = PBXSourcesBuildPhase;
			buildActionMask = 2147483647;
			files = (
				C9B94CBC2864507900385091 /* POSPrinterVC.m in Sources */,
				18BFEA8D1C9F916000E45C1F /* TSCBlueListVC.m in Sources */,
				189E62E6293F443400C0FA56 /* DIPSettingVC.m in Sources */,
				C9F9161828867AF7005E9474 /* UIView+Toast.m in Sources */,
				C9B94CBD2864507900385091 /* POSBlueListVC.m in Sources */,
				18BFEA8A1C9F916000E45C1F /* AppDelegate.m in Sources */,
				189E62E3293F3C7600C0FA56 /* CodePagePopView.m in Sources */,
				2E64D6901CD34E080009D102 /* TSCPrinterVC.m in Sources */,
				18BFEA871C9F916000E45C1F /* main.m in Sources */,
				186BEFC32AA6C43800C1B7D8 /* TestWIFIConnecter.m in Sources */,
				18B441CD2AA5B59E00B43CFD /* WIFIViewController.m in Sources */,
				189E62DE293F3BE900C0FA56 /* POSIPConfigVC.m in Sources */,
				189E62DB293F39AC00C0FA56 /* POSUdpListVC.m in Sources */,
			);
			runOnlyForDeploymentPostprocessing = 0;
		};
		18BFEA971C9F916000E45C1F /* Sources */ = {
			isa = PBXSourcesBuildPhase;
			buildActionMask = 2147483647;
			files = (
				18BFEAA01C9F916000E45C1F /* PrinterTests.m in Sources */,
			);
			runOnlyForDeploymentPostprocessing = 0;
		};
		18BFEAA21C9F916000E45C1F /* Sources */ = {
			isa = PBXSourcesBuildPhase;
			buildActionMask = 2147483647;
			files = (
				18BFEAAB1C9F916000E45C1F /* PrinterUITests.m in Sources */,
			);
			runOnlyForDeploymentPostprocessing = 0;
		};
/* End PBXSourcesBuildPhase section */

/* Begin PBXTargetDependency section */
		18BFEA9D1C9F916000E45C1F /* PBXTargetDependency */ = {
			isa = PBXTargetDependency;
			target = 18BFEA811C9F916000E45C1F /* Printer */;
			targetProxy = 18BFEA9C1C9F916000E45C1F /* PBXContainerItemProxy */;
		};
		18BFEAA81C9F916000E45C1F /* PBXTargetDependency */ = {
			isa = PBXTargetDependency;
			target = 18BFEA811C9F916000E45C1F /* Printer */;
			targetProxy = 18BFEAA71C9F916000E45C1F /* PBXContainerItemProxy */;
		};
/* End PBXTargetDependency section */

/* Begin PBXVariantGroup section */
		18BFEA8E1C9F916000E45C1F /* Main.storyboard */ = {
			isa = PBXVariantGroup;
			children = (
				18BFEA8F1C9F916000E45C1F /* Base */,
			);
			name = Main.storyboard;
			sourceTree = "<group>";
		};
		18BFEA931C9F916000E45C1F /* LaunchScreen.storyboard */ = {
			isa = PBXVariantGroup;
			children = (
				18BFEA941C9F916000E45C1F /* Base */,
			);
			name = LaunchScreen.storyboard;
			sourceTree = "<group>";
		};
/* End PBXVariantGroup section */

/* Begin XCBuildConfiguration section */
		18BFEAAD1C9F916000E45C1F /* Debug */ = {
			isa = XCBuildConfiguration;
			buildSettings = {
				ALWAYS_SEARCH_USER_PATHS = NO;
				CLANG_CXX_LANGUAGE_STANDARD = "gnu++0x";
				CLANG_CXX_LIBRARY = "libc++";
				CLANG_ENABLE_MODULES = YES;
				CLANG_ENABLE_OBJC_ARC = YES;
				CLANG_WARN_BOOL_CONVERSION = YES;
				CLANG_WARN_CONSTANT_CONVERSION = YES;
				CLANG_WARN_DIRECT_OBJC_ISA_USAGE = YES_ERROR;
				CLANG_WARN_EMPTY_BODY = YES;
				CLANG_WARN_ENUM_CONVERSION = YES;
				CLANG_WARN_INT_CONVERSION = YES;
				CLANG_WARN_OBJC_ROOT_CLASS = YES_ERROR;
				CLANG_WARN_UNREACHABLE_CODE = YES;
				CLANG_WARN__DUPLICATE_METHOD_MATCH = YES;
				CODE_SIGN_IDENTITY = "iPhone Developer";
				"CODE_SIGN_IDENTITY[sdk=iphoneos*]" = "iPhone Developer";
				COPY_PHASE_STRIP = NO;
				DEBUG_INFORMATION_FORMAT = dwarf;
				ENABLE_STRICT_OBJC_MSGSEND = YES;
				ENABLE_TESTABILITY = YES;
				GCC_C_LANGUAGE_STANDARD = gnu99;
				GCC_DYNAMIC_NO_PIC = NO;
				GCC_NO_COMMON_BLOCKS = YES;
				GCC_OPTIMIZATION_LEVEL = 0;
				GCC_PREPROCESSOR_DEFINITIONS = (
					"DEBUG=1",
					"$(inherited)",
				);
				GCC_WARN_64_TO_32_BIT_CONVERSION = YES;
				GCC_WARN_ABOUT_RETURN_TYPE = YES_ERROR;
				GCC_WARN_UNDECLARED_SELECTOR = YES;
				GCC_WARN_UNINITIALIZED_AUTOS = YES_AGGRESSIVE;
				GCC_WARN_UNUSED_FUNCTION = YES;
				GCC_WARN_UNUSED_VARIABLE = YES;
				IPHONEOS_DEPLOYMENT_TARGET = 9.2;
				MTL_ENABLE_DEBUG_INFO = YES;
				ONLY_ACTIVE_ARCH = YES;
				SDKROOT = iphoneos;
			};
			name = Debug;
		};
		18BFEAAE1C9F916000E45C1F /* Release */ = {
			isa = XCBuildConfiguration;
			buildSettings = {
				ALWAYS_SEARCH_USER_PATHS = NO;
				CLANG_CXX_LANGUAGE_STANDARD = "gnu++0x";
				CLANG_CXX_LIBRARY = "libc++";
				CLANG_ENABLE_MODULES = YES;
				CLANG_ENABLE_OBJC_ARC = YES;
				CLANG_WARN_BOOL_CONVERSION = YES;
				CLANG_WARN_CONSTANT_CONVERSION = YES;
				CLANG_WARN_DIRECT_OBJC_ISA_USAGE = YES_ERROR;
				CLANG_WARN_EMPTY_BODY = YES;
				CLANG_WARN_ENUM_CONVERSION = YES;
				CLANG_WARN_INT_CONVERSION = YES;
				CLANG_WARN_OBJC_ROOT_CLASS = YES_ERROR;
				CLANG_WARN_UNREACHABLE_CODE = YES;
				CLANG_WARN__DUPLICATE_METHOD_MATCH = YES;
				CODE_SIGN_IDENTITY = "iPhone Developer";
				"CODE_SIGN_IDENTITY[sdk=iphoneos*]" = "iPhone Developer";
				COPY_PHASE_STRIP = NO;
				DEBUG_INFORMATION_FORMAT = "dwarf-with-dsym";
				ENABLE_NS_ASSERTIONS = NO;
				ENABLE_STRICT_OBJC_MSGSEND = YES;
				GCC_C_LANGUAGE_STANDARD = gnu99;
				GCC_NO_COMMON_BLOCKS = YES;
				GCC_WARN_64_TO_32_BIT_CONVERSION = YES;
				GCC_WARN_ABOUT_RETURN_TYPE = YES_ERROR;
				GCC_WARN_UNDECLARED_SELECTOR = YES;
				GCC_WARN_UNINITIALIZED_AUTOS = YES_AGGRESSIVE;
				GCC_WARN_UNUSED_FUNCTION = YES;
				GCC_WARN_UNUSED_VARIABLE = YES;
				IPHONEOS_DEPLOYMENT_TARGET = 9.2;
				MTL_ENABLE_DEBUG_INFO = NO;
				SDKROOT = iphoneos;
				VALIDATE_PRODUCT = YES;
			};
			name = Release;
		};
		18BFEAB01C9F916000E45C1F /* Debug */ = {
			isa = XCBuildConfiguration;
			buildSettings = {
				ASSETCATALOG_COMPILER_APPICON_NAME = AppIcon;
				CODE_SIGN_ENTITLEMENTS = Printer/Printer.entitlements;
				CODE_SIGN_IDENTITY = "Apple Development";
				CODE_SIGN_STYLE = Automatic;
				DEVELOPMENT_TEAM = R7VXV35RXD;
				ENABLE_BITCODE = NO;
				GCC_PREFIX_HEADER = "$(SRCROOT)/Printer/PrefixHeader.pch";
				INFOPLIST_FILE = Printer/Info.plist;
				IPHONEOS_DEPLOYMENT_TARGET = 11.0;
				LD_RUNPATH_SEARCH_PATHS = "$(inherited) @executable_path/Frameworks";
				LIBRARY_SEARCH_PATHS = (
					"$(inherited)",
					"$(PROJECT_DIR)/Printer",
					"$(PROJECT_DIR)/Printer/PrinterSDK",
				);
				MARKETING_VERSION = 2.3.0;
				PRODUCT_BUNDLE_IDENTIFIER = com.company.printerxp322;
				PRODUCT_NAME = "$(TARGET_NAME)";
				PROVISIONING_PROFILE = "";
				PROVISIONING_PROFILE_SPECIFIER = "";
				TARGETED_DEVICE_FAMILY = "1,2";
			};
			name = Debug;
		};
		18BFEAB11C9F916000E45C1F /* Release */ = {
			isa = XCBuildConfiguration;
			buildSettings = {
				ASSETCATALOG_COMPILER_APPICON_NAME = AppIcon;
				CODE_SIGN_ENTITLEMENTS = Printer/Printer.entitlements;
				CODE_SIGN_IDENTITY = "Apple Development";
				CODE_SIGN_STYLE = Automatic;
				DEVELOPMENT_TEAM = R7VXV35RXD;
				ENABLE_BITCODE = NO;
				GCC_PREFIX_HEADER = "$(SRCROOT)/Printer/PrefixHeader.pch";
				INFOPLIST_FILE = Printer/Info.plist;
				IPHONEOS_DEPLOYMENT_TARGET = 11.0;
				LD_RUNPATH_SEARCH_PATHS = "$(inherited) @executable_path/Frameworks";
				LIBRARY_SEARCH_PATHS = (
					"$(inherited)",
					"$(PROJECT_DIR)/Printer",
					"$(PROJECT_DIR)/Printer/PrinterSDK",
				);
				MARKETING_VERSION = 2.3.0;
				PRODUCT_BUNDLE_IDENTIFIER = com.company.printerxp322;
				PRODUCT_NAME = "$(TARGET_NAME)";
				PROVISIONING_PROFILE = "";
				PROVISIONING_PROFILE_SPECIFIER = "";
				TARGETED_DEVICE_FAMILY = "1,2";
			};
			name = Release;
		};
		18BFEAB31C9F916000E45C1F /* Debug */ = {
			isa = XCBuildConfiguration;
			buildSettings = {
				BUNDLE_LOADER = "$(TEST_HOST)";
				INFOPLIST_FILE = PrinterTests/Info.plist;
				LD_RUNPATH_SEARCH_PATHS = "$(inherited) @executable_path/Frameworks @loader_path/Frameworks";
				PRODUCT_BUNDLE_IDENTIFIER = com.femto.PrinterTests;
				PRODUCT_NAME = "$(TARGET_NAME)";
				TEST_HOST = "$(BUILT_PRODUCTS_DIR)/Printer.app/Printer";
			};
			name = Debug;
		};
		18BFEAB41C9F916000E45C1F /* Release */ = {
			isa = XCBuildConfiguration;
			buildSettings = {
				BUNDLE_LOADER = "$(TEST_HOST)";
				INFOPLIST_FILE = PrinterTests/Info.plist;
				LD_RUNPATH_SEARCH_PATHS = "$(inherited) @executable_path/Frameworks @loader_path/Frameworks";
				PRODUCT_BUNDLE_IDENTIFIER = com.femto.PrinterTests;
				PRODUCT_NAME = "$(TARGET_NAME)";
				TEST_HOST = "$(BUILT_PRODUCTS_DIR)/Printer.app/Printer";
			};
			name = Release;
		};
		18BFEAB61C9F916000E45C1F /* Debug */ = {
			isa = XCBuildConfiguration;
			buildSettings = {
				INFOPLIST_FILE = PrinterUITests/Info.plist;
				LD_RUNPATH_SEARCH_PATHS = "$(inherited) @executable_path/Frameworks @loader_path/Frameworks";
				PRODUCT_BUNDLE_IDENTIFIER = com.femto.PrinterUITests;
				PRODUCT_NAME = "$(TARGET_NAME)";
				TEST_TARGET_NAME = Printer;
				USES_XCTRUNNER = YES;
			};
			name = Debug;
		};
		18BFEAB71C9F916000E45C1F /* Release */ = {
			isa = XCBuildConfiguration;
			buildSettings = {
				INFOPLIST_FILE = PrinterUITests/Info.plist;
				LD_RUNPATH_SEARCH_PATHS = "$(inherited) @executable_path/Frameworks @loader_path/Frameworks";
				PRODUCT_BUNDLE_IDENTIFIER = com.femto.PrinterUITests;
				PRODUCT_NAME = "$(TARGET_NAME)";
				TEST_TARGET_NAME = Printer;
				USES_XCTRUNNER = YES;
			};
			name = Release;
		};
/* End XCBuildConfiguration section */

/* Begin XCConfigurationList section */
		18BFEA7D1C9F916000E45C1F /* Build configuration list for PBXProject "Printer" */ = {
			isa = XCConfigurationList;
			buildConfigurations = (
				18BFEAAD1C9F916000E45C1F /* Debug */,
				18BFEAAE1C9F916000E45C1F /* Release */,
			);
			defaultConfigurationIsVisible = 0;
			defaultConfigurationName = Release;
		};
		18BFEAAF1C9F916000E45C1F /* Build configuration list for PBXNativeTarget "Printer" */ = {
			isa = XCConfigurationList;
			buildConfigurations = (
				18BFEAB01C9F916000E45C1F /* Debug */,
				18BFEAB11C9F916000E45C1F /* Release */,
			);
			defaultConfigurationIsVisible = 0;
			defaultConfigurationName = Release;
		};
		18BFEAB21C9F916000E45C1F /* Build configuration list for PBXNativeTarget "PrinterTests" */ = {
			isa = XCConfigurationList;
			buildConfigurations = (
				18BFEAB31C9F916000E45C1F /* Debug */,
				18BFEAB41C9F916000E45C1F /* Release */,
			);
			defaultConfigurationIsVisible = 0;
			defaultConfigurationName = Release;
		};
		18BFEAB51C9F916000E45C1F /* Build configuration list for PBXNativeTarget "PrinterUITests" */ = {
			isa = XCConfigurationList;
			buildConfigurations = (
				18BFEAB61C9F916000E45C1F /* Debug */,
				18BFEAB71C9F916000E45C1F /* Release */,
			);
			defaultConfigurationIsVisible = 0;
			defaultConfigurationName = Release;
		};
/* End XCConfigurationList section */
	};
	rootObject = 18BFEA7A1C9F916000E45C1F /* Project object */;
}
